// !$*UTF8*$!
{
	archiveVersion = 1;
	classes = {
	};
	objectVersion = 56;
	objects = {

/* Begin PBXBuildFile section */
		DB5BA49C2B838E0200D3DDAD /* PopTransitionApp.swift in Sources */ = {isa = PBXBuildFile; fileRef = DB5BA49B2B838E0200D3DDAD /* PopTransitionApp.swift */; };
		DB5BA49E2B838E0200D3DDAD /* FirstView.swift in Sources */ = {isa = PBXBuildFile; fileRef = DB5BA49D2B838E0200D3DDAD /* FirstView.swift */; };
		DB5BA4A02B838E0400D3DDAD /* Assets.xcassets in Resources */ = {isa = PBXBuildFile; fileRef = DB5BA49F2B838E0400D3DDAD /* Assets.xcassets */; };
		DB5BA4A32B838E0400D3DDAD /* Preview Assets.xcassets in Resources */ = {isa = PBXBuildFile; fileRef = DB5BA4A22B838E0400D3DDAD /* Preview Assets.xcassets */; };
		DB5BA4AA2B838E2D00D3DDAD /* SecondView.swift in Sources */ = {isa = PBXBuildFile; fileRef = DB5BA4A92B838E2D00D3DDAD /* SecondView.swift */; };
		DB5BA4AC2B838E5300D3DDAD /* ThirdView.swift in Sources */ = {isa = PBXBuildFile; fileRef = DB5BA4AB2B838E5300D3DDAD /* ThirdView.swift */; };
		DB5BA4AE2B838E7300D3DDAD /* PopTransitionHandler.swift in Sources */ = {isa = PBXBuildFile; fileRef = DB5BA4AD2B838E7300D3DDAD /* PopTransitionHandler.swift */; };
		DB66E46F2B8C1FD600D281A4 /* .gitignore in Resources */ = {isa = PBXBuildFile; fileRef = DB66E46E2B8C1FD600D281A4 /* .gitignore */; };
		DB68A4112B8CB5FA001E2F04 /* demo.png in Resources */ = {isa = PBXBuildFile; fileRef = DB68A4102B8CB5FA001E2F04 /* demo.png */; };
/* End PBXBuildFile section */

/* Begin PBXFileReference section */
		DB5BA4982B838E0200D3DDAD /* PopTransition.app */ = {isa = PBXFileReference; explicitFileType = wrapper.application; includeInIndex = 0; path = PopTransition.app; sourceTree = BUILT_PRODUCTS_DIR; };
		DB5BA49B2B838E0200D3DDAD /* PopTransitionApp.swift */ = {isa = PBXFileReference; lastKnownFileType = sourcecode.swift; path = PopTransitionApp.swift; sourceTree = "<group>"; };
		DB5BA49D2B838E0200D3DDAD /* FirstView.swift */ = {isa = PBXFileReference; lastKnownFileType = sourcecode.swift; path = FirstView.swift; sourceTree = "<group>"; };
		DB5BA49F2B838E0400D3DDAD /* Assets.xcassets */ = {isa = PBXFileReference; lastKnownFileType = folder.assetcatalog; path = Assets.xcassets; sourceTree = "<group>"; };
		DB5BA4A22B838E0400D3DDAD /* Preview Assets.xcassets */ = {isa = PBXFileReference; lastKnownFileType = folder.assetcatalog; path = "Preview Assets.xcassets"; sourceTree = "<group>"; };
		DB5BA4A92B838E2D00D3DDAD /* SecondView.swift */ = {isa = PBXFileReference; lastKnownFileType = sourcecode.swift; path = SecondView.swift; sourceTree = "<group>"; };
		DB5BA4AB2B838E5300D3DDAD /* ThirdView.swift */ = {isa = PBXFileReference; lastKnownFileType = sourcecode.swift; path = ThirdView.swift; sourceTree = "<group>"; };
		DB5BA4AD2B838E7300D3DDAD /* PopTransitionHandler.swift */ = {isa = PBXFileReference; lastKnownFileType = sourcecode.swift; path = PopTransitionHandler.swift; sourceTree = "<group>"; };
		DB66E46E2B8C1FD600D281A4 /* .gitignore */ = {isa = PBXFileReference; lastKnownFileType = text; path = .gitignore; sourceTree = "<group>"; };
		DB68A4102B8CB5FA001E2F04 /* demo.png */ = {isa = PBXFileReference; lastKnownFileType = image.png; path = demo.png; sourceTree = "<group>"; };
/* End PBXFileReference section */

/* Begin PBXFrameworksBuildPhase section */
		DB5BA4952B838E0200D3DDAD /* Frameworks */ = {
			isa = PBXFrameworksBuildPhase;
			buildActionMask = 2147483647;
			files = (
			);
			runOnlyForDeploymentPostprocessing = 0;
		};
/* End PBXFrameworksBuildPhase section */

/* Begin PBXGroup section */
		DB5BA48F2B838E0100D3DDAD = {
			isa = PBXGroup;
			children = (
				DB68A4102B8CB5FA001E2F04 /* demo.png */,
				DB66E46E2B8C1FD600D281A4 /* .gitignore */,
				DB5BA49A2B838E0200D3DDAD /* PopTransition */,
				DB5BA4992B838E0200D3DDAD /* Products */,
			);
			sourceTree = "<group>";
		};
		DB5BA4992B838E0200D3DDAD /* Products */ = {
			isa = PBXGroup;
			children = (
				DB5BA4982B838E0200D3DDAD /* PopTransition.app */,
			);
			name = Products;
			sourceTree = "<group>";
		};
		DB5BA49A2B838E0200D3DDAD /* PopTransition */ = {
			isa = PBXGroup;
			children = (
				DB5BA49B2B838E0200D3DDAD /* PopTransitionApp.swift */,
				DB5BA4AF2B838E9000D3DDAD /* Views */,
				DB5BA4B02B838EC200D3DDAD /* Representables */,
				DB5BA49F2B838E0400D3DDAD /* Assets.xcassets */,
				DB5BA4A12B838E0400D3DDAD /* Preview Content */,
			);
			path = PopTransition;
			sourceTree = "<group>";
		};
		DB5BA4A12B838E0400D3DDAD /* Preview Content */ = {
			isa = PBXGroup;
			children = (
				DB5BA4A22B838E0400D3DDAD /* Preview Assets.xcassets */,
			);
			path = "Preview Content";
			sourceTree = "<group>";
		};
		DB5BA4AF2B838E9000D3DDAD /* Views */ = {
			isa = PBXGroup;
			children = (
				DB5BA49D2B838E0200D3DDAD /* FirstView.swift */,
				DB5BA4A92B838E2D00D3DDAD /* SecondView.swift */,
				DB5BA4AB2B838E5300D3DDAD /* ThirdView.swift */,
			);
			path = Views;
			sourceTree = "<group>";
		};
		DB5BA4B02B838EC200D3DDAD /* Representables */ = {
			isa = PBXGroup;
			children = (
				DB5BA4AD2B838E7300D3DDAD /* PopTransitionHandler.swift */,
			);
			path = Representables;
			sourceTree = "<group>";
		};
/* End PBXGroup section */

/* Begin PBXNativeTarget section */
		DB5BA4972B838E0200D3DDAD /* PopTransition */ = {
			isa = PBXNativeTarget;
			buildConfigurationList = DB5BA4A62B838E0400D3DDAD /* Build configuration list for PBXNativeTarget "PopTransition" */;
			buildPhases = (
				DB5BA4942B838E0200D3DDAD /* Sources */,
				DB5BA4952B838E0200D3DDAD /* Frameworks */,
				DB5BA4962B838E0200D3DDAD /* Resources */,
			);
			buildRules = (
			);
			dependencies = (
			);
			name = PopTransition;
			productName = PopTransition;
			productReference = DB5BA4982B838E0200D3DDAD /* PopTransition.app */;
			productType = "com.apple.product-type.application";
		};
/* End PBXNativeTarget section */

/* Begin PBXProject section */
		DB5BA4902B838E0100D3DDAD /* Project object */ = {
			isa = PBXProject;
			attributes = {
				BuildIndependentTargetsInParallel = 1;
				LastSwiftUpdateCheck = 1520;
				LastUpgradeCheck = 1520;
				TargetAttributes = {
					DB5BA4972B838E0200D3DDAD = {
						CreatedOnToolsVersion = 15.2;
					};
				};
			};
			buildConfigurationList = DB5BA4932B838E0100D3DDAD /* Build configuration list for PBXProject "PopTransition" */;
			compatibilityVersion = "Xcode 14.0";
			developmentRegion = en;
			hasScannedForEncodings = 0;
			knownRegions = (
				en,
				Base,
			);
			mainGroup = DB5BA48F2B838E0100D3DDAD;
			productRefGroup = DB5BA4992B838E0200D3DDAD /* Products */;
			projectDirPath = "";
			projectRoot = "";
			targets = (
				DB5BA4972B838E0200D3DDAD /* PopTransition */,
			);
		};
/* End PBXProject section */

/* Begin PBXResourcesBuildPhase section */
		DB5BA4962B838E0200D3DDAD /* Resources */ = {
			isa = PBXResourcesBuildPhase;
			buildActionMask = 2147483647;
			files = (
				DB68A4112B8CB5FA001E2F04 /* demo.png in Resources */,
				DB5BA4A32B838E0400D3DDAD /* Preview Assets.xcassets in Resources */,
				DB66E46F2B8C1FD600D281A4 /* .gitignore in Resources */,
				DB5BA4A02B838E0400D3DDAD /* Assets.xcassets in Resources */,
			);
			runOnlyForDeploymentPostprocessing = 0;
		};
/* End PBXResourcesBuildPhase section */

/* Begin PBXSourcesBuildPhase section */
		DB5BA4942B838E0200D3DDAD /* Sources */ = {
			isa = PBXSourcesBuildPhase;
			buildActionMask = 2147483647;
			files = (
				DB5BA4AC2B838E5300D3DDAD /* ThirdView.swift in Sources */,
				DB5BA4AA2B838E2D00D3DDAD /* SecondView.swift in Sources */,
				DB5BA49E2B838E0200D3DDAD /* FirstView.swift in Sources */,
				DB5BA49C2B838E0200D3DDAD /* PopTransitionApp.swift in Sources */,
				DB5BA4AE2B838E7300D3DDAD /* PopTransitionHandler.swift in Sources */,
			);
			runOnlyForDeploymentPostprocessing = 0;
		};
/* End PBXSourcesBuildPhase section */

/* Begin XCBuildConfiguration section */
		DB5BA4A42B838E0400D3DDAD /* Debug */ = {
			isa = XCBuildConfiguration;
			buildSettings = {
				ALWAYS_SEARCH_USER_PATHS = NO;
				ASSETCATALOG_COMPILER_GENERATE_SWIFT_ASSET_SYMBOL_EXTENSIONS = YES;
				CLANG_ANALYZER_NONNULL = YES;
				CLANG_ANALYZER_NUMBER_OBJECT_CONVERSION = YES_AGGRESSIVE;
				CLANG_CXX_LANGUAGE_STANDARD = "gnu++20";
				CLANG_ENABLE_MODULES = YES;
				CLANG_ENABLE_OBJC_ARC = YES;
				CLANG_ENABLE_OBJC_WEAK = YES;
				CLANG_WARN_BLOCK_CAPTURE_AUTORELEASING = YES;
				CLANG_WARN_BOOL_CONVERSION = YES;
				CLANG_WARN_COMMA = YES;
				CLANG_WARN_CONSTANT_CONVERSION = YES;
				CLANG_WARN_DEPRECATED_OBJC_IMPLEMENTATIONS = YES;
				CLANG_WARN_DIRECT_OBJC_ISA_USAGE = YES_ERROR;
				CLANG_WARN_DOCUMENTATION_COMMENTS = YES;
				CLANG_WARN_EMPTY_BODY = YES;
				CLANG_WARN_ENUM_CONVERSION = YES;
				CLANG_WARN_INFINITE_RECURSION = YES;
				CLANG_WARN_INT_CONVERSION = YES;
				CLANG_WARN_NON_LITERAL_NULL_CONVERSION = YES;
				CLANG_WARN_OBJC_IMPLICIT_RETAIN_SELF = YES;
				CLANG_WARN_OBJC_LITERAL_CONVERSION = YES;
				CLANG_WARN_OBJC_ROOT_CLASS = YES_ERROR;
				CLANG_WARN_QUOTED_INCLUDE_IN_FRAMEWORK_HEADER = YES;
				CLANG_WARN_RANGE_LOOP_ANALYSIS = YES;
				CLANG_WARN_STRICT_PROTOTYPES = YES;
				CLANG_WARN_SUSPICIOUS_MOVE = YES;
				CLANG_WARN_UNGUARDED_AVAILABILITY = YES_AGGRESSIVE;
				CLANG_WARN_UNREACHABLE_CODE = YES;
				CLANG_WARN__DUPLICATE_METHOD_MATCH = YES;
				COPY_PHASE_STRIP = NO;
				DEBUG_INFORMATION_FORMAT = dwarf;
				ENABLE_STRICT_OBJC_MSGSEND = YES;
				ENABLE_TESTABILITY = YES;
				ENABLE_USER_SCRIPT_SANDBOXING = YES;
				GCC_C_LANGUAGE_STANDARD = gnu17;
				GCC_DYNAMIC_NO_PIC = NO;
				GCC_NO_COMMON_BLOCKS = YES;
				GCC_OPTIMIZATION_LEVEL = 0;
				GCC_PREPROCESSOR_DEFINITIONS = (
					"DEBUG=1",
					"$(inherited)",
				);
				GCC_WARN_64_TO_32_BIT_CONVERSION = YES;
				GCC_WARN_ABOUT_RETURN_TYPE = YES_ERROR;
				GCC_WARN_UNDECLARED_SELECTOR = YES;
				GCC_WARN_UNINITIALIZED_AUTOS = YES_AGGRESSIVE;
				GCC_WARN_UNUSED_FUNCTION = YES;
				GCC_WARN_UNUSED_VARIABLE = YES;
				IPHONEOS_DEPLOYMENT_TARGET = 17.2;
				LOCALIZATION_PREFERS_STRING_CATALOGS = YES;
				MTL_ENABLE_DEBUG_INFO = INCLUDE_SOURCE;
				MTL_FAST_MATH = YES;
				ONLY_ACTIVE_ARCH = YES;
				SDKROOT = iphoneos;
				SWIFT_ACTIVE_COMPILATION_CONDITIONS = "DEBUG $(inherited)";
				SWIFT_OPTIMIZATION_LEVEL = "-Onone";
			};
			name = Debug;
		};
		DB5BA4A52B838E0400D3DDAD /* Release */ = {
			isa = XCBuildConfiguration;
			buildSettings = {
				ALWAYS_SEARCH_USER_PATHS = NO;
				ASSETCATALOG_COMPILER_GENERATE_SWIFT_ASSET_SYMBOL_EXTENSIONS = YES;
				CLANG_ANALYZER_NONNULL = YES;
				CLANG_ANALYZER_NUMBER_OBJECT_CONVERSION = YES_AGGRESSIVE;
				CLANG_CXX_LANGUAGE_STANDARD = "gnu++20";
				CLANG_ENABLE_MODULES = YES;
				CLANG_ENABLE_OBJC_ARC = YES;
				CLANG_ENABLE_OBJC_WEAK = YES;
				CLANG_WARN_BLOCK_CAPTURE_AUTORELEASING = YES;
				CLANG_WARN_BOOL_CONVERSION = YES;
				CLANG_WARN_COMMA = YES;
				CLANG_WARN_CONSTANT_CONVERSION = YES;
				CLANG_WARN_DEPRECATED_OBJC_IMPLEMENTATIONS = YES;
				CLANG_WARN_DIRECT_OBJC_ISA_USAGE = YES_ERROR;
				CLANG_WARN_DOCUMENTATION_COMMENTS = YES;
				CLANG_WARN_EMPTY_BODY = YES;
				CLANG_WARN_ENUM_CONVERSION = YES;
				CLANG_WARN_INFINITE_RECURSION = YES;
				CLANG_WARN_INT_CONVERSION = YES;
				CLANG_WARN_NON_LITERAL_NULL_CONVERSION = YES;
				CLANG_WARN_OBJC_IMPLICIT_RETAIN_SELF = YES;
				CLANG_WARN_OBJC_LITERAL_CONVERSION = YES;
				CLANG_WARN_OBJC_ROOT_CLASS = YES_ERROR;
				CLANG_WARN_QUOTED_INCLUDE_IN_FRAMEWORK_HEADER = YES;
				CLANG_WARN_RANGE_LOOP_ANALYSIS = YES;
				CLANG_WARN_STRICT_PROTOTYPES = YES;
				CLANG_WARN_SUSPICIOUS_MOVE = YES;
				CLANG_WARN_UNGUARDED_AVAILABILITY = YES_AGGRESSIVE;
				CLANG_WARN_UNREACHABLE_CODE = YES;
				CLANG_WARN__DUPLICATE_METHOD_MATCH = YES;
				COPY_PHASE_STRIP = NO;
				DEBUG_INFORMATION_FORMAT = "dwarf-with-dsym";
				ENABLE_NS_ASSERTIONS = NO;
				ENABLE_STRICT_OBJC_MSGSEND = YES;
				ENABLE_USER_SCRIPT_SANDBOXING = YES;
				GCC_C_LANGUAGE_STANDARD = gnu17;
				GCC_NO_COMMON_BLOCKS = YES;
				GCC_WARN_64_TO_32_BIT_CONVERSION = YES;
				GCC_WARN_ABOUT_RETURN_TYPE = YES_ERROR;
				GCC_WARN_UNDECLARED_SELECTOR = YES;
				GCC_WARN_UNINITIALIZED_AUTOS = YES_AGGRESSIVE;
				GCC_WARN_UNUSED_FUNCTION = YES;
				GCC_WARN_UNUSED_VARIABLE = YES;
				IPHONEOS_DEPLOYMENT_TARGET = 17.2;
				LOCALIZATION_PREFERS_STRING_CATALOGS = YES;
				MTL_ENABLE_DEBUG_INFO = NO;
				MTL_FAST_MATH = YES;
				SDKROOT = iphoneos;
				SWIFT_COMPILATION_MODE = wholemodule;
				VALIDATE_PRODUCT = YES;
			};
			name = Release;
		};
		DB5BA4A72B838E0400D3DDAD /* Debug */ = {
			isa = XCBuildConfiguration;
			buildSettings = {
				ASSETCATALOG_COMPILER_APPICON_NAME = AppIcon;
				ASSETCATALOG_COMPILER_GLOBAL_ACCENT_COLOR_NAME = AccentColor;
				CODE_SIGN_STYLE = Automatic;
				CURRENT_PROJECT_VERSION = 1;
				DEVELOPMENT_ASSET_PATHS = "\"PopTransition/Preview Content\"";
				DEVELOPMENT_TEAM = BZ37T979L3;
				ENABLE_PREVIEWS = YES;
				GENERATE_INFOPLIST_FILE = YES;
				INFOPLIST_KEY_UIApplicationSceneManifest_Generation = YES;
				INFOPLIST_KEY_UIApplicationSupportsIndirectInputEvents = YES;
				INFOPLIST_KEY_UILaunchScreen_Generation = YES;
				INFOPLIST_KEY_UISupportedInterfaceOrientations_iPad = "UIInterfaceOrientationPortrait UIInterfaceOrientationPortraitUpsideDown UIInterfaceOrientationLandscapeLeft UIInterfaceOrientationLandscapeRight";
				INFOPLIST_KEY_UISupportedInterfaceOrientations_iPhone = "UIInterfaceOrientationPortrait UIInterfaceOrientationLandscapeLeft UIInterfaceOrientationLandscapeRight";
				LD_RUNPATH_SEARCH_PATHS = (
					"$(inherited)",
					"@executable_path/Frameworks",
				);
				MARKETING_VERSION = 1.0;
				PRODUCT_BUNDLE_IDENTIFIER = com.DmitryKononchuk.PopTransition;
				PRODUCT_NAME = "$(TARGET_NAME)";
				SWIFT_EMIT_LOC_STRINGS = YES;
				SWIFT_VERSION = 5.0;
				TARGETED_DEVICE_FAMILY = "1,2";
			};
			name = Debug;
		};
		DB5BA4A82B838E0400D3DDAD /* Release */ = {
			isa = XCBuildConfiguration;
			buildSettings = {
				ASSETCATALOG_COMPILER_APPICON_NAME = AppIcon;
				ASSETCATALOG_COMPILER_GLOBAL_ACCENT_COLOR_NAME = AccentColor;
				CODE_SIGN_STYLE = Automatic;
				CURRENT_PROJECT_VERSION = 1;
				DEVELOPMENT_ASSET_PATHS = "\"PopTransition/Preview Content\"";
				DEVELOPMENT_TEAM = BZ37T979L3;
				ENABLE_PREVIEWS = YES;
				GENERATE_INFOPLIST_FILE = YES;
				INFOPLIST_KEY_UIApplicationSceneManifest_Generation = YES;
				INFOPLIST_KEY_UIApplicationSupportsIndirectInputEvents = YES;
				INFOPLIST_KEY_UILaunchScreen_Generation = YES;
				INFOPLIST_KEY_UISupportedInterfaceOrientations_iPad = "UIInterfaceOrientationPortrait UIInterfaceOrientationPortraitUpsideDown UIInterfaceOrientationLandscapeLeft UIInterfaceOrientationLandscapeRight";
				INFOPLIST_KEY_UISupportedInterfaceOrientations_iPhone = "UIInterfaceOrientationPortrait UIInterfaceOrientationLandscapeLeft UIInterfaceOrientationLandscapeRight";
				LD_RUNPATH_SEARCH_PATHS = (
					"$(inherited)",
					"@executable_path/Frameworks",
				);
				MARKETING_VERSION = 1.0;
				PRODUCT_BUNDLE_IDENTIFIER = com.DmitryKononchuk.PopTransition;
				PRODUCT_NAME = "$(TARGET_NAME)";
				SWIFT_EMIT_LOC_STRINGS = YES;
				SWIFT_VERSION = 5.0;
				TARGETED_DEVICE_FAMILY = "1,2";
			};
			name = Release;
		};
/* End XCBuildConfiguration section */

/* Begin XCConfigurationList section */
		DB5BA4932B838E0100D3DDAD /* Build configuration list for PBXProject "PopTransition" */ = {
			isa = XCConfigurationList;
			buildConfigurations = (
				DB5BA4A42B838E0400D3DDAD /* Debug */,
				DB5BA4A52B838E0400D3DDAD /* Release */,
			);
			defaultConfigurationIsVisible = 0;
			defaultConfigurationName = Release;
		};
		DB5BA4A62B838E0400D3DDAD /* Build configuration list for PBXNativeTarget "PopTransition" */ = {
			isa = XCConfigurationList;
			buildConfigurations = (
				DB5BA4A72B838E0400D3DDAD /* Debug */,
				DB5BA4A82B838E0400D3DDAD /* Release */,
			);
			defaultConfigurationIsVisible = 0;
			defaultConfigurationName = Release;
		};
/* End XCConfigurationList section */
	};
	rootObject = DB5BA4902B838E0100D3DDAD /* Project object */;
}
